// !$*UTF8*$!
{
	archiveVersion = 1;
	classes = {
	};
	objectVersion = 63;
	objects = {

/* Begin PBXBuildFile section */
		177370E1C80E4913983537E3 /* NearbyMapView.swift in Sources */ = {isa = PBXBuildFile; fileRef = 752C0E4E7572BBAFA5408F64 /* NearbyMapView.swift */; };
		248A53DAB8904A3D3B922F1B /* RootView.swift in Sources */ = {isa = PBXBuildFile; fileRef = 88A5118F0BE42476B10BBF48 /* RootView.swift */; };
		2582DE6CC335E118EB36A4B5 /* CartView.swift in Sources */ = {isa = PBXBuildFile; fileRef = 417BE3F21B25D06CC220F5FC /* CartView.swift */; };
		2EBF07A6A0BB3B850CF61D89 /* APIClient.swift in Sources */ = {isa = PBXBuildFile; fileRef = 32D9A1595335CE1589DDC95B /* APIClient.swift */; };
		3748D07B953D92E22FEE6DAE /* OrderDetailView.swift in Sources */ = {isa = PBXBuildFile; fileRef = 77A38C4F31F0A8AEF9CA1807 /* OrderDetailView.swift */; };
		3A276FA8CA85F83E6FDD03C8 /* MiniEatsApp.swift in Sources */ = {isa = PBXBuildFile; fileRef = 71E584C1B8905DA37F3B295E /* MiniEatsApp.swift */; };
		3DF7AC362B1B1BCEE175AC57 /* Components.swift in Sources */ = {isa = PBXBuildFile; fileRef = D0B7711283E12C17B6BB7019 /* Components.swift */; };
		5D21A023275D26D348EDF585 /* TrackingMap.swift in Sources */ = {isa = PBXBuildFile; fileRef = 9F8BEC6ECD1FD5484BF7759D /* TrackingMap.swift */; };
		6BAFF88187A43995AE74E688 /* MerchantUITests.swift in Sources */ = {isa = PBXBuildFile; fileRef = 1822AB6605072557562BF466 /* MerchantUITests.swift */; };
		6CDFC16C96EA0620A1B6B23E /* AppStore.swift in Sources */ = {isa = PBXBuildFile; fileRef = 817BB2C78690C10A2457C599 /* AppStore.swift */; };
		6D0D615E0BDE17D8954F7586 /* LocationService.swift in Sources */ = {isa = PBXBuildFile; fileRef = 2108A6E07F08850C81D5A936 /* LocationService.swift */; };
		743B7E4AFE92EB85EA8DA88E /* OrdersView.swift in Sources */ = {isa = PBXBuildFile; fileRef = F04A5CC19D0A65FDE85E8663 /* OrdersView.swift */; };
		769BDFFBAFFE614242F3E06F /* OrderFlowUITests.swift in Sources */ = {isa = PBXBuildFile; fileRef = 12CB1C8EA9FEA7106E5C828B /* OrderFlowUITests.swift */; };
		856A0C3F7FBB28759010C956 /* MerchantStore.swift in Sources */ = {isa = PBXBuildFile; fileRef = 5CC6D6B712E9CEAE36B857FE /* MerchantStore.swift */; };
		88979C601E0312A3672C7D8D /* BarMade.swift in Sources */ = {isa = PBXBuildFile; fileRef = 6B36D97D922AD99C3194259D /* BarMade.swift */; };
		88F59BE1B537F68B512D6BF4 /* Assets.xcassets in Resources */ = {isa = PBXBuildFile; fileRef = E4959754146FF925F93C4E7E /* Assets.xcassets */; };
		A04084752A3D48C0286603E3 /* DecodingTests.swift in Sources */ = {isa = PBXBuildFile; fileRef = 625230F8146DA33D39838081 /* DecodingTests.swift */; };
		ABF7CABDCFA997BE3F20F1CD /* MenuView.swift in Sources */ = {isa = PBXBuildFile; fileRef = B4E33BF6B88BED032C46E256 /* MenuView.swift */; };
		AF548E7F2E2233407FAD820F /* AccountView.swift in Sources */ = {isa = PBXBuildFile; fileRef = 24BDA47977998F352DCA9534 /* AccountView.swift */; };
		B0E4FA517A84B33F01064F18 /* NotificationsView.swift in Sources */ = {isa = PBXBuildFile; fileRef = AC7A7584A20B0C87DBA3621E /* NotificationsView.swift */; };
		B581EB183E7F44F760F4CBBE /* MerchantModels.swift in Sources */ = {isa = PBXBuildFile; fileRef = 92EA7ECB9744C7423A8021F6 /* MerchantModels.swift */; };
		BC153AE7A26939EA81E370DD /* Assets.xcassets in Resources */ = {isa = PBXBuildFile; fileRef = 876FCC6A9A6453149CAEC29A /* Assets.xcassets */; };
		C69DA27B1F1D05C30069DFE5 /* Components.swift in Sources */ = {isa = PBXBuildFile; fileRef = D0B7711283E12C17B6BB7019 /* Components.swift */; };
		CB0EF5D99E0790A282DC9968 /* BarMadeViews.swift in Sources */ = {isa = PBXBuildFile; fileRef = EF76056A461F3F7226355157 /* BarMadeViews.swift */; };
		D1E6780487595AABEC118961 /* APIClient.swift in Sources */ = {isa = PBXBuildFile; fileRef = 32D9A1595335CE1589DDC95B /* APIClient.swift */; };
		D25D74861586DCD76E4C8402 /* Models.swift in Sources */ = {isa = PBXBuildFile; fileRef = BEAA20C493FB62936A405C8F /* Models.swift */; };
		D3AF192F948CD1E0945602E8 /* RestaurantListView.swift in Sources */ = {isa = PBXBuildFile; fileRef = CCC312B76ABE53514225BBED /* RestaurantListView.swift */; };
		D4B487AB61E81B2F7194D28D /* MenuCatalogView.swift in Sources */ = {isa = PBXBuildFile; fileRef = E42D2A7A6530BFE0A4F1B54E /* MenuCatalogView.swift */; };
		E2EA923516AF561123A31E30 /* MerchantApp.swift in Sources */ = {isa = PBXBuildFile; fileRef = FEDA63C54D2F844A955FCE28 /* MerchantApp.swift */; };
		F3F44572E34EF700BB5DD556 /* InventoryView.swift in Sources */ = {isa = PBXBuildFile; fileRef = 8D97DF0FDE676DF040094BFF /* InventoryView.swift */; };
		F822171F650D59277703FF19 /* Models.swift in Sources */ = {isa = PBXBuildFile; fileRef = BEAA20C493FB62936A405C8F /* Models.swift */; };
/* End PBXBuildFile section */

/* Begin PBXContainerItemProxy section */
		BC9DB69A567EFB5BFA9A0245 /* PBXContainerItemProxy */ = {
			isa = PBXContainerItemProxy;
			containerPortal = 98B499AC7706C180764F694B /* Project object */;
			proxyType = 1;
			remoteGlobalIDString = DCDE18AEB6187BFDCE915A65;
			remoteInfo = MiniEats;
		};
		CB81298756BD648C76F6476B /* PBXContainerItemProxy */ = {
			isa = PBXContainerItemProxy;
			containerPortal = 98B499AC7706C180764F694B /* Project object */;
			proxyType = 1;
			remoteGlobalIDString = 2492A7A743961945BAD6BC4A;
			remoteInfo = MiniEatsMerchant;
		};
		E8FF6671C73974E0E909C7A0 /* PBXContainerItemProxy */ = {
			isa = PBXContainerItemProxy;
			containerPortal = 98B499AC7706C180764F694B /* Project object */;
			proxyType = 1;
			remoteGlobalIDString = DCDE18AEB6187BFDCE915A65;
			remoteInfo = MiniEats;
		};
/* End PBXContainerItemProxy section */

/* Begin PBXFileReference section */
		00FB5195E3AA9C34B7F4C587 /* Info.plist */ = {isa = PBXFileReference; lastKnownFileType = text.plist; path = Info.plist; sourceTree = "<group>"; };
		12CB1C8EA9FEA7106E5C828B /* OrderFlowUITests.swift */ = {isa = PBXFileReference; lastKnownFileType = sourcecode.swift; path = OrderFlowUITests.swift; sourceTree = "<group>"; };
		1822AB6605072557562BF466 /* MerchantUITests.swift */ = {isa = PBXFileReference; lastKnownFileType = sourcecode.swift; path = MerchantUITests.swift; sourceTree = "<group>"; };
		2108A6E07F08850C81D5A936 /* LocationService.swift */ = {isa = PBXFileReference; lastKnownFileType = sourcecode.swift; path = LocationService.swift; sourceTree = "<group>"; };
		24BDA47977998F352DCA9534 /* AccountView.swift */ = {isa = PBXFileReference; lastKnownFileType = sourcecode.swift; path = AccountView.swift; sourceTree = "<group>"; };
		32D9A1595335CE1589DDC95B /* APIClient.swift */ = {isa = PBXFileReference; lastKnownFileType = sourcecode.swift; path = APIClient.swift; sourceTree = "<group>"; };
		417BE3F21B25D06CC220F5FC /* CartView.swift */ = {isa = PBXFileReference; lastKnownFileType = sourcecode.swift; path = CartView.swift; sourceTree = "<group>"; };
		5CC6D6B712E9CEAE36B857FE /* MerchantStore.swift */ = {isa = PBXFileReference; lastKnownFileType = sourcecode.swift; path = MerchantStore.swift; sourceTree = "<group>"; };
		625230F8146DA33D39838081 /* DecodingTests.swift */ = {isa = PBXFileReference; lastKnownFileType = sourcecode.swift; path = DecodingTests.swift; sourceTree = "<group>"; };
		636B14A456904ECDF43916F8 /* MiniEats.app */ = {isa = PBXFileReference; explicitFileType = wrapper.application; includeInIndex = 0; path = MiniEats.app; sourceTree = BUILT_PRODUCTS_DIR; };
		6B36D97D922AD99C3194259D /* BarMade.swift */ = {isa = PBXFileReference; lastKnownFileType = sourcecode.swift; path = BarMade.swift; sourceTree = "<group>"; };
		7008F19FB22C524505F5EAF1 /* MiniEatsTests.xctest */ = {isa = PBXFileReference; includeInIndex = 0; lastKnownFileType = wrapper.cfbundle; path = MiniEatsTests.xctest; sourceTree = BUILT_PRODUCTS_DIR; };
		701C0672B5BB85ED43417134 /* MiniEatsUITests.xctest */ = {isa = PBXFileReference; includeInIndex = 0; lastKnownFileType = wrapper.cfbundle; path = MiniEatsUITests.xctest; sourceTree = BUILT_PRODUCTS_DIR; };
		71E584C1B8905DA37F3B295E /* MiniEatsApp.swift */ = {isa = PBXFileReference; lastKnownFileType = sourcecode.swift; path = MiniEatsApp.swift; sourceTree = "<group>"; };
		752C0E4E7572BBAFA5408F64 /* NearbyMapView.swift */ = {isa = PBXFileReference; lastKnownFileType = sourcecode.swift; path = NearbyMapView.swift; sourceTree = "<group>"; };
		77A38C4F31F0A8AEF9CA1807 /* OrderDetailView.swift */ = {isa = PBXFileReference; lastKnownFileType = sourcecode.swift; path = OrderDetailView.swift; sourceTree = "<group>"; };
		817BB2C78690C10A2457C599 /* AppStore.swift */ = {isa = PBXFileReference; lastKnownFileType = sourcecode.swift; path = AppStore.swift; sourceTree = "<group>"; };
		876FCC6A9A6453149CAEC29A /* Assets.xcassets */ = {isa = PBXFileReference; lastKnownFileType = folder.assetcatalog; path = Assets.xcassets; sourceTree = "<group>"; };
		88A5118F0BE42476B10BBF48 /* RootView.swift */ = {isa = PBXFileReference; lastKnownFileType = sourcecode.swift; path = RootView.swift; sourceTree = "<group>"; };
		8D97DF0FDE676DF040094BFF /* InventoryView.swift */ = {isa = PBXFileReference; lastKnownFileType = sourcecode.swift; path = InventoryView.swift; sourceTree = "<group>"; };
		92EA7ECB9744C7423A8021F6 /* MerchantModels.swift */ = {isa = PBXFileReference; lastKnownFileType = sourcecode.swift; path = MerchantModels.swift; sourceTree = "<group>"; };
		9F8BEC6ECD1FD5484BF7759D /* TrackingMap.swift */ = {isa = PBXFileReference; lastKnownFileType = sourcecode.swift; path = TrackingMap.swift; sourceTree = "<group>"; };
		AC7A7584A20B0C87DBA3621E /* NotificationsView.swift */ = {isa = PBXFileReference; lastKnownFileType = sourcecode.swift; path = NotificationsView.swift; sourceTree = "<group>"; };
		B4E33BF6B88BED032C46E256 /* MenuView.swift */ = {isa = PBXFileReference; lastKnownFileType = sourcecode.swift; path = MenuView.swift; sourceTree = "<group>"; };
		BDBF30AD0A6BBE207CA2556E /* Info.plist */ = {isa = PBXFileReference; lastKnownFileType = text.plist; path = Info.plist; sourceTree = "<group>"; };
		BE483B8AB8EB7522F10F7DAC /* MiniEatsMerchantUITests.xctest */ = {isa = PBXFileReference; includeInIndex = 0; lastKnownFileType = wrapper.cfbundle; path = MiniEatsMerchantUITests.xctest; sourceTree = BUILT_PRODUCTS_DIR; };
		BEAA20C493FB62936A405C8F /* Models.swift */ = {isa = PBXFileReference; lastKnownFileType = sourcecode.swift; path = Models.swift; sourceTree = "<group>"; };
		CCC312B76ABE53514225BBED /* RestaurantListView.swift */ = {isa = PBXFileReference; lastKnownFileType = sourcecode.swift; path = RestaurantListView.swift; sourceTree = "<group>"; };
		D0B7711283E12C17B6BB7019 /* Components.swift */ = {isa = PBXFileReference; lastKnownFileType = sourcecode.swift; path = Components.swift; sourceTree = "<group>"; };
		D9D09291A9F3EB4A5DCA504C /* MiniEatsMerchant.app */ = {isa = PBXFileReference; includeInIndex = 0; lastKnownFileType = wrapper.application; path = MiniEatsMerchant.app; sourceTree = BUILT_PRODUCTS_DIR; };
		E42D2A7A6530BFE0A4F1B54E /* MenuCatalogView.swift */ = {isa = PBXFileReference; lastKnownFileType = sourcecode.swift; path = MenuCatalogView.swift; sourceTree = "<group>"; };
		E4959754146FF925F93C4E7E /* Assets.xcassets */ = {isa = PBXFileReference; lastKnownFileType = folder.assetcatalog; path = Assets.xcassets; sourceTree = "<group>"; };
		EF76056A461F3F7226355157 /* BarMadeViews.swift */ = {isa = PBXFileReference; lastKnownFileType = sourcecode.swift; path = BarMadeViews.swift; sourceTree = "<group>"; };
		F04A5CC19D0A65FDE85E8663 /* OrdersView.swift */ = {isa = PBXFileReference; lastKnownFileType = sourcecode.swift; path = OrdersView.swift; sourceTree = "<group>"; };
		FEDA63C54D2F844A955FCE28 /* MerchantApp.swift */ = {isa = PBXFileReference; lastKnownFileType = sourcecode.swift; path = MerchantApp.swift; sourceTree = "<group>"; };
/* End PBXFileReference section */

/* Begin PBXGroup section */
		4B8F234441CE16CCA080FA51 /* MiniEats */ = {
			isa = PBXGroup;
			children = (
				32D9A1595335CE1589DDC95B /* APIClient.swift */,
				817BB2C78690C10A2457C599 /* AppStore.swift */,
				876FCC6A9A6453149CAEC29A /* Assets.xcassets */,
				00FB5195E3AA9C34B7F4C587 /* Info.plist */,
				2108A6E07F08850C81D5A936 /* LocationService.swift */,
				71E584C1B8905DA37F3B295E /* MiniEatsApp.swift */,
				BEAA20C493FB62936A405C8F /* Models.swift */,
				DA3138B1A905FB7F37FF2017 /* Views */,
			);
			path = MiniEats;
			sourceTree = "<group>";
		};
		5DD0648F7DA477D41D0AB96C /* MiniEatsUITests */ = {
			isa = PBXGroup;
			children = (
				12CB1C8EA9FEA7106E5C828B /* OrderFlowUITests.swift */,
			);
			path = MiniEatsUITests;
			sourceTree = "<group>";
		};
		74C4EA9DD0FB4E32A40D934B /* Products */ = {
			isa = PBXGroup;
			children = (
				636B14A456904ECDF43916F8 /* MiniEats.app */,
				D9D09291A9F3EB4A5DCA504C /* MiniEatsMerchant.app */,
				BE483B8AB8EB7522F10F7DAC /* MiniEatsMerchantUITests.xctest */,
				7008F19FB22C524505F5EAF1 /* MiniEatsTests.xctest */,
				701C0672B5BB85ED43417134 /* MiniEatsUITests.xctest */,
			);
			name = Products;
			sourceTree = "<group>";
		};
		7DB2663A3DBFE0E04582490B /* MiniEatsMerchantUITests */ = {
			isa = PBXGroup;
			children = (
				1822AB6605072557562BF466 /* MerchantUITests.swift */,
			);
			path = MiniEatsMerchantUITests;
			sourceTree = "<group>";
		};
		C35DD95B610792EBCDB4541B = {
			isa = PBXGroup;
			children = (
				4B8F234441CE16CCA080FA51 /* MiniEats */,
				DD1BDB1BD2ED324C5E769CF7 /* MiniEatsMerchant */,
				7DB2663A3DBFE0E04582490B /* MiniEatsMerchantUITests */,
				E16A6382D84B1B28405067DD /* MiniEatsTests */,
				5DD0648F7DA477D41D0AB96C /* MiniEatsUITests */,
				74C4EA9DD0FB4E32A40D934B /* Products */,
			);
			sourceTree = "<group>";
		};
		DA3138B1A905FB7F37FF2017 /* Views */ = {
			isa = PBXGroup;
			children = (
				24BDA47977998F352DCA9534 /* AccountView.swift */,
				417BE3F21B25D06CC220F5FC /* CartView.swift */,
				D0B7711283E12C17B6BB7019 /* Components.swift */,
				B4E33BF6B88BED032C46E256 /* MenuView.swift */,
				752C0E4E7572BBAFA5408F64 /* NearbyMapView.swift */,
				AC7A7584A20B0C87DBA3621E /* NotificationsView.swift */,
				77A38C4F31F0A8AEF9CA1807 /* OrderDetailView.swift */,
				F04A5CC19D0A65FDE85E8663 /* OrdersView.swift */,
				CCC312B76ABE53514225BBED /* RestaurantListView.swift */,
				88A5118F0BE42476B10BBF48 /* RootView.swift */,
				9F8BEC6ECD1FD5484BF7759D /* TrackingMap.swift */,
			);
			path = Views;
			sourceTree = "<group>";
		};
		DD1BDB1BD2ED324C5E769CF7 /* MiniEatsMerchant */ = {
			isa = PBXGroup;
			children = (
				E4959754146FF925F93C4E7E /* Assets.xcassets */,
				6B36D97D922AD99C3194259D /* BarMade.swift */,
				BDBF30AD0A6BBE207CA2556E /* Info.plist */,
				FEDA63C54D2F844A955FCE28 /* MerchantApp.swift */,
				92EA7ECB9744C7423A8021F6 /* MerchantModels.swift */,
				5CC6D6B712E9CEAE36B857FE /* MerchantStore.swift */,
				FE166F8FDAC463D608537F72 /* Views */,
			);
			path = MiniEatsMerchant;
			sourceTree = "<group>";
		};
		E16A6382D84B1B28405067DD /* MiniEatsTests */ = {
			isa = PBXGroup;
			children = (
				625230F8146DA33D39838081 /* DecodingTests.swift */,
			);
			path = MiniEatsTests;
			sourceTree = "<group>";
		};
		FE166F8FDAC463D608537F72 /* Views */ = {
			isa = PBXGroup;
			children = (
				EF76056A461F3F7226355157 /* BarMadeViews.swift */,
				8D97DF0FDE676DF040094BFF /* InventoryView.swift */,
				E42D2A7A6530BFE0A4F1B54E /* MenuCatalogView.swift */,
			);
			path = Views;
			sourceTree = "<group>";
		};
/* End PBXGroup section */

/* Begin PBXNativeTarget section */
		2492A7A743961945BAD6BC4A /* MiniEatsMerchant */ = {
			isa = PBXNativeTarget;
			buildConfigurationList = 389E423026A18BF7099D18E8 /* Build configuration list for PBXNativeTarget "MiniEatsMerchant" */;
			buildPhases = (
				135F6C4E3009EA7E0A76DD9D /* Sources */,
				D358254F8A23C521CF41034A /* Resources */,
			);
			buildRules = (
			);
			dependencies = (
			);
			name = MiniEatsMerchant;
			packageProductDependencies = (
			);
			productName = MiniEatsMerchant;
			productReference = D9D09291A9F3EB4A5DCA504C /* MiniEatsMerchant.app */;
			productType = "com.apple.product-type.application";
		};
		3C58E8D3C64AB7F071FEBEAF /* MiniEatsMerchantUITests */ = {
			isa = PBXNativeTarget;
			buildConfigurationList = 04EB63CD6C92500140696120 /* Build configuration list for PBXNativeTarget "MiniEatsMerchantUITests" */;
			buildPhases = (
				56C97CFC3F45B9D12F391D76 /* Sources */,
			);
			buildRules = (
			);
			dependencies = (
				1E7C0BB50E94C3D0D46C2540 /* PBXTargetDependency */,
			);
			name = MiniEatsMerchantUITests;
			packageProductDependencies = (
			);
			productName = MiniEatsMerchantUITests;
			productReference = BE483B8AB8EB7522F10F7DAC /* MiniEatsMerchantUITests.xctest */;
			productType = "com.apple.product-type.bundle.ui-testing";
		};
		BB2A09F69801D0F280D943A8 /* MiniEatsTests */ = {
			isa = PBXNativeTarget;
			buildConfigurationList = E919EAAA3B695B6E7E21F4C4 /* Build configuration list for PBXNativeTarget "MiniEatsTests" */;
			buildPhases = (
				31FFD9FBF950CC7CFCF6F4D5 /* Sources */,
			);
			buildRules = (
			);
			dependencies = (
				C79515DE2BBB11EAB9E81997 /* PBXTargetDependency */,
			);
			name = MiniEatsTests;
			packageProductDependencies = (
			);
			productName = MiniEatsTests;
			productReference = 7008F19FB22C524505F5EAF1 /* MiniEatsTests.xctest */;
			productType = "com.apple.product-type.bundle.unit-test";
		};
		C2FDAFF651AA1DF5E4C75BD6 /* MiniEatsUITests */ = {
			isa = PBXNativeTarget;
			buildConfigurationList = 1697BA01365248794F63008F /* Build configuration list for PBXNativeTarget "MiniEatsUITests" */;
			buildPhases = (
				1922090E966E03873706598B /* Sources */,
			);
			buildRules = (
			);
			dependencies = (
				0A7036F36BE35BC3BB48BF56 /* PBXTargetDependency */,
			);
			name = MiniEatsUITests;
			packageProductDependencies = (
			);
			productName = MiniEatsUITests;
			productReference = 701C0672B5BB85ED43417134 /* MiniEatsUITests.xctest */;
			productType = "com.apple.product-type.bundle.ui-testing";
		};
		DCDE18AEB6187BFDCE915A65 /* MiniEats */ = {
			isa = PBXNativeTarget;
			buildConfigurationList = 6F687BB8FCB4222244CBC98C /* Build configuration list for PBXNativeTarget "MiniEats" */;
			buildPhases = (
				8BB89F7647E0687588FD26CE /* Sources */,
				1435042E1F0FE13FFBE4887B /* Resources */,
			);
			buildRules = (
			);
			dependencies = (
			);
			name = MiniEats;
			packageProductDependencies = (
			);
			productName = MiniEats;
			productReference = 636B14A456904ECDF43916F8 /* MiniEats.app */;
			productType = "com.apple.product-type.application";
		};
/* End PBXNativeTarget section */

/* Begin PBXProject section */
		98B499AC7706C180764F694B /* Project object */ = {
			isa = PBXProject;
			attributes = {
				BuildIndependentTargetsInParallel = YES;
				LastUpgradeCheck = 1430;
				TargetAttributes = {
					2492A7A743961945BAD6BC4A = {
						DevelopmentTeam = "";
						ProvisioningStyle = Automatic;
					};
					3C58E8D3C64AB7F071FEBEAF = {
						DevelopmentTeam = "";
						TestTargetID = 2492A7A743961945BAD6BC4A;
					};
					BB2A09F69801D0F280D943A8 = {
						DevelopmentTeam = "";
					};
					C2FDAFF651AA1DF5E4C75BD6 = {
						DevelopmentTeam = "";
						TestTargetID = DCDE18AEB6187BFDCE915A65;
					};
					DCDE18AEB6187BFDCE915A65 = {
						ProvisioningStyle = Automatic;
					};
				};
			};
			buildConfigurationList = 0D706DFE956BDFE43FC5BD66 /* Build configuration list for PBXProject "MiniEats" */;
			compatibilityVersion = "Xcode 14.0";
			developmentRegion = en;
			hasScannedForEncodings = 0;
			knownRegions = (
				Base,
				en,
			);
			mainGroup = C35DD95B610792EBCDB4541B;
			minimizedProjectReferenceProxies = 1;
			projectDirPath = "";
			projectRoot = "";
			targets = (
				DCDE18AEB6187BFDCE915A65 /* MiniEats */,
				2492A7A743961945BAD6BC4A /* MiniEatsMerchant */,
				3C58E8D3C64AB7F071FEBEAF /* MiniEatsMerchantUITests */,
				BB2A09F69801D0F280D943A8 /* MiniEatsTests */,
				C2FDAFF651AA1DF5E4C75BD6 /* MiniEatsUITests */,
			);
		};
/* End PBXProject section */

/* Begin PBXResourcesBuildPhase section */
		1435042E1F0FE13FFBE4887B /* Resources */ = {
			isa = PBXResourcesBuildPhase;
			buildActionMask = 2147483647;
			files = (
				BC153AE7A26939EA81E370DD /* Assets.xcassets in Resources */,
			);
			runOnlyForDeploymentPostprocessing = 0;
		};
		D358254F8A23C521CF41034A /* Resources */ = {
			isa = PBXResourcesBuildPhase;
			buildActionMask = 2147483647;
			files = (
				88F59BE1B537F68B512D6BF4 /* Assets.xcassets in Resources */,
			);
			runOnlyForDeploymentPostprocessing = 0;
		};
/* End PBXResourcesBuildPhase section */

/* Begin PBXSourcesBuildPhase section */
		135F6C4E3009EA7E0A76DD9D /* Sources */ = {
			isa = PBXSourcesBuildPhase;
			buildActionMask = 2147483647;
			files = (
				2EBF07A6A0BB3B850CF61D89 /* APIClient.swift in Sources */,
				88979C601E0312A3672C7D8D /* BarMade.swift in Sources */,
				CB0EF5D99E0790A282DC9968 /* BarMadeViews.swift in Sources */,
				3DF7AC362B1B1BCEE175AC57 /* Components.swift in Sources */,
				F3F44572E34EF700BB5DD556 /* InventoryView.swift in Sources */,
				D4B487AB61E81B2F7194D28D /* MenuCatalogView.swift in Sources */,
				E2EA923516AF561123A31E30 /* MerchantApp.swift in Sources */,
				B581EB183E7F44F760F4CBBE /* MerchantModels.swift in Sources */,
				856A0C3F7FBB28759010C956 /* MerchantStore.swift in Sources */,
				D25D74861586DCD76E4C8402 /* Models.swift in Sources */,
			);
			runOnlyForDeploymentPostprocessing = 0;
		};
		1922090E966E03873706598B /* Sources */ = {
			isa = PBXSourcesBuildPhase;
			buildActionMask = 2147483647;
			files = (
				769BDFFBAFFE614242F3E06F /* OrderFlowUITests.swift in Sources */,
			);
			runOnlyForDeploymentPostprocessing = 0;
		};
		31FFD9FBF950CC7CFCF6F4D5 /* Sources */ = {
			isa = PBXSourcesBuildPhase;
			buildActionMask = 2147483647;
			files = (
				A04084752A3D48C0286603E3 /* DecodingTests.swift in Sources */,
			);
			runOnlyForDeploymentPostprocessing = 0;
		};
		56C97CFC3F45B9D12F391D76 /* Sources */ = {
			isa = PBXSourcesBuildPhase;
			buildActionMask = 2147483647;
			files = (
				6BAFF88187A43995AE74E688 /* MerchantUITests.swift in Sources */,
			);
			runOnlyForDeploymentPostprocessing = 0;
		};
		8BB89F7647E0687588FD26CE /* Sources */ = {
			isa = PBXSourcesBuildPhase;
			buildActionMask = 2147483647;
			files = (
				D1E6780487595AABEC118961 /* APIClient.swift in Sources */,
				AF548E7F2E2233407FAD820F /* AccountView.swift in Sources */,
				6CDFC16C96EA0620A1B6B23E /* AppStore.swift in Sources */,
				2582DE6CC335E118EB36A4B5 /* CartView.swift in Sources */,
				C69DA27B1F1D05C30069DFE5 /* Components.swift in Sources */,
				6D0D615E0BDE17D8954F7586 /* LocationService.swift in Sources */,
				ABF7CABDCFA997BE3F20F1CD /* MenuView.swift in Sources */,
				3A276FA8CA85F83E6FDD03C8 /* MiniEatsApp.swift in Sources */,
				F822171F650D59277703FF19 /* Models.swift in Sources */,
				177370E1C80E4913983537E3 /* NearbyMapView.swift in Sources */,
				B0E4FA517A84B33F01064F18 /* NotificationsView.swift in Sources */,
				3748D07B953D92E22FEE6DAE /* OrderDetailView.swift in Sources */,
				743B7E4AFE92EB85EA8DA88E /* OrdersView.swift in Sources */,
				D3AF192F948CD1E0945602E8 /* RestaurantListView.swift in Sources */,
				248A53DAB8904A3D3B922F1B /* RootView.swift in Sources */,
				5D21A023275D26D348EDF585 /* TrackingMap.swift in Sources */,
			);
			runOnlyForDeploymentPostprocessing = 0;
		};
/* End PBXSourcesBuildPhase section */

/* Begin PBXTargetDependency section */
		0A7036F36BE35BC3BB48BF56 /* PBXTargetDependency */ = {
			isa = PBXTargetDependency;
			target = DCDE18AEB6187BFDCE915A65 /* MiniEats */;
			targetProxy = E8FF6671C73974E0E909C7A0 /* PBXContainerItemProxy */;
		};
		1E7C0BB50E94C3D0D46C2540 /* PBXTargetDependency */ = {
			isa = PBXTargetDependency;
			target = 2492A7A743961945BAD6BC4A /* MiniEatsMerchant */;
			targetProxy = CB81298756BD648C76F6476B /* PBXContainerItemProxy */;
		};
		C79515DE2BBB11EAB9E81997 /* PBXTargetDependency */ = {
			isa = PBXTargetDependency;
			target = DCDE18AEB6187BFDCE915A65 /* MiniEats */;
			targetProxy = BC9DB69A567EFB5BFA9A0245 /* PBXContainerItemProxy */;
		};
/* End PBXTargetDependency section */

/* Begin XCBuildConfiguration section */
		23A550FB439FBCF1A12C233C /* Release */ = {
			isa = XCBuildConfiguration;
			buildSettings = {
				BUNDLE_LOADER = "$(TEST_HOST)";
				GENERATE_INFOPLIST_FILE = YES;
				LD_RUNPATH_SEARCH_PATHS = (
					"$(inherited)",
					"@executable_path/Frameworks",
					"@loader_path/Frameworks",
				);
				PRODUCT_BUNDLE_IDENTIFIER = com.minieats.MiniEatsUITests;
				SDKROOT = iphoneos;
				TARGETED_DEVICE_FAMILY = "1,2";
				TEST_TARGET_NAME = MiniEats;
			};
			name = Release;
		};
		2A068DEC27844528D4621F27 /* Release */ = {
			isa = XCBuildConfiguration;
			buildSettings = {
				BUNDLE_LOADER = "$(TEST_HOST)";
				GENERATE_INFOPLIST_FILE = YES;
				LD_RUNPATH_SEARCH_PATHS = (
					"$(inherited)",
					"@executable_path/Frameworks",
					"@loader_path/Frameworks",
				);
				PRODUCT_BUNDLE_IDENTIFIER = com.minieats.MiniEatsMerchantUITests;
				SDKROOT = iphoneos;
				TARGETED_DEVICE_FAMILY = "1,2";
				TEST_TARGET_NAME = MiniEatsMerchant;
			};
			name = Release;
		};
		2A1BBC87BB588CD7455C8053 /* Release */ = {
			isa = XCBuildConfiguration;
			buildSettings = {
				ASSETCATALOG_COMPILER_APPICON_NAME = AppIcon;
				CODE_SIGN_IDENTITY = "iPhone Developer";
				CODE_SIGN_STYLE = Automatic;
				INFOPLIST_FILE = MiniEatsMerchant/Info.plist;
				LD_RUNPATH_SEARCH_PATHS = (
					"$(inherited)",
					"@executable_path/Frameworks",
				);
				PRODUCT_BUNDLE_IDENTIFIER = com.minieats.merchant;
				SDKROOT = iphoneos;
				TARGETED_DEVICE_FAMILY = "1,2";
			};
			name = Release;
		};
		3FE6816C7A0C162B5B6346F2 /* Debug */ = {
			isa = XCBuildConfiguration;
			buildSettings = {
				BUNDLE_LOADER = "$(TEST_HOST)";
				GENERATE_INFOPLIST_FILE = YES;
				LD_RUNPATH_SEARCH_PATHS = (
					"$(inherited)",
					"@executable_path/Frameworks",
					"@loader_path/Frameworks",
				);
				PRODUCT_BUNDLE_IDENTIFIER = com.minieats.MiniEatsTests;
				SDKROOT = iphoneos;
				TARGETED_DEVICE_FAMILY = "1,2";
				TEST_HOST = "$(BUILT_PRODUCTS_DIR)/MiniEats.app/MiniEats";
			};
			name = Debug;
		};
		4FE22FDDF0D4034E49CB0D10 /* Debug */ = {
			isa = XCBuildConfiguration;
			buildSettings = {
				BUNDLE_LOADER = "$(TEST_HOST)";
				GENERATE_INFOPLIST_FILE = YES;
				LD_RUNPATH_SEARCH_PATHS = (
					"$(inherited)",
					"@executable_path/Frameworks",
					"@loader_path/Frameworks",
				);
				PRODUCT_BUNDLE_IDENTIFIER = com.minieats.MiniEatsUITests;
				SDKROOT = iphoneos;
				TARGETED_DEVICE_FAMILY = "1,2";
				TEST_TARGET_NAME = MiniEats;
			};
			name = Debug;
		};
		5ECA89A9499A3FE28B4FF973 /* Release */ = {
			isa = XCBuildConfiguration;
			buildSettings = {
				ASSETCATALOG_COMPILER_APPICON_NAME = AppIcon;
				CODE_SIGN_IDENTITY = "iPhone Developer";
				CODE_SIGN_STYLE = Automatic;
				DEVELOPMENT_TEAM = 8CN54MQ3P6;
				INFOPLIST_FILE = MiniEats/Info.plist;
				LD_RUNPATH_SEARCH_PATHS = (
					"$(inherited)",
					"@executable_path/Frameworks",
				);
				PRODUCT_BUNDLE_IDENTIFIER = com.minieats.app;
				SDKROOT = iphoneos;
				TARGETED_DEVICE_FAMILY = 1;
			};
			name = Release;
		};
		8111898036EF7E2F44C3F425 /* Debug */ = {
			isa = XCBuildConfiguration;
			buildSettings = {
				ALWAYS_SEARCH_USER_PATHS = NO;
				CLANG_ANALYZER_NONNULL = YES;
				CLANG_ANALYZER_NUMBER_OBJECT_CONVERSION = YES_AGGRESSIVE;
				CLANG_CXX_LANGUAGE_STANDARD = "gnu++14";
				CLANG_CXX_LIBRARY = "libc++";
				CLANG_ENABLE_MODULES = YES;
				CLANG_ENABLE_OBJC_ARC = YES;
				CLANG_ENABLE_OBJC_WEAK = YES;
				CLANG_WARN_BLOCK_CAPTURE_AUTORELEASING = YES;
				CLANG_WARN_BOOL_CONVERSION = YES;
				CLANG_WARN_COMMA = YES;
				CLANG_WARN_CONSTANT_CONVERSION = YES;
				CLANG_WARN_DEPRECATED_OBJC_IMPLEMENTATIONS = YES;
				CLANG_WARN_DIRECT_OBJC_ISA_USAGE = YES_ERROR;
				CLANG_WARN_DOCUMENTATION_COMMENTS = YES;
				CLANG_WARN_EMPTY_BODY = YES;
				CLANG_WARN_ENUM_CONVERSION = YES;
				CLANG_WARN_INFINITE_RECURSION = YES;
				CLANG_WARN_INT_CONVERSION = YES;
				CLANG_WARN_NON_LITERAL_NULL_CONVERSION = YES;
				CLANG_WARN_OBJC_IMPLICIT_RETAIN_SELF = YES;
				CLANG_WARN_OBJC_LITERAL_CONVERSION = YES;
				CLANG_WARN_OBJC_ROOT_CLASS = YES_ERROR;
				CLANG_WARN_QUOTED_INCLUDE_IN_FRAMEWORK_HEADER = YES;
				CLANG_WARN_RANGE_LOOP_ANALYSIS = YES;
				CLANG_WARN_STRICT_PROTOTYPES = YES;
				CLANG_WARN_SUSPICIOUS_MOVE = YES;
				CLANG_WARN_UNGUARDED_AVAILABILITY = YES_AGGRESSIVE;
				CLANG_WARN_UNREACHABLE_CODE = YES;
				CLANG_WARN__DUPLICATE_METHOD_MATCH = YES;
				COPY_PHASE_STRIP = NO;
				DEBUG_INFORMATION_FORMAT = dwarf;
				DEVELOPMENT_TEAM = "";
				ENABLE_STRICT_OBJC_MSGSEND = YES;
				ENABLE_TESTABILITY = YES;
				GCC_C_LANGUAGE_STANDARD = gnu11;
				GCC_DYNAMIC_NO_PIC = NO;
				GCC_NO_COMMON_BLOCKS = YES;
				GCC_OPTIMIZATION_LEVEL = 0;
				GCC_PREPROCESSOR_DEFINITIONS = (
					"$(inherited)",
					"DEBUG=1",
				);
				GCC_WARN_64_TO_32_BIT_CONVERSION = YES;
				GCC_WARN_ABOUT_RETURN_TYPE = YES_ERROR;
				GCC_WARN_UNDECLARED_SELECTOR = YES;
				GCC_WARN_UNINITIALIZED_AUTOS = YES_AGGRESSIVE;
				GCC_WARN_UNUSED_FUNCTION = YES;
				GCC_WARN_UNUSED_VARIABLE = YES;
				IPHONEOS_DEPLOYMENT_TARGET = 17.0;
				MINIEATS_SERVER_URL = "https://stubble-grumble-same.ngrok-free.dev";
				MTL_ENABLE_DEBUG_INFO = INCLUDE_SOURCE;
				MTL_FAST_MATH = YES;
				ONLY_ACTIVE_ARCH = YES;
				PRODUCT_NAME = "$(TARGET_NAME)";
				SDKROOT = iphoneos;
				SWIFT_ACTIVE_COMPILATION_CONDITIONS = DEBUG;
				SWIFT_OPTIMIZATION_LEVEL = "-Onone";
				SWIFT_VERSION = 5.0;
			};
			name = Debug;
		};
		930D9FCF1CBD08AE32C7612C /* Debug */ = {
			isa = XCBuildConfiguration;
			buildSettings = {
				ASSETCATALOG_COMPILER_APPICON_NAME = AppIcon;
				CODE_SIGN_IDENTITY = "iPhone Developer";
				CODE_SIGN_STYLE = Automatic;
				DEVELOPMENT_TEAM = 8CN54MQ3P6;
				INFOPLIST_FILE = MiniEats/Info.plist;
				LD_RUNPATH_SEARCH_PATHS = (
					"$(inherited)",
					"@executable_path/Frameworks",
				);
				PRODUCT_BUNDLE_IDENTIFIER = com.minieats.app;
				SDKROOT = iphoneos;
				TARGETED_DEVICE_FAMILY = 1;
			};
			name = Debug;
		};
		9DA133ACB7AE1BB9546E7D5B /* Release */ = {
			isa = XCBuildConfiguration;
			buildSettings = {
				BUNDLE_LOADER = "$(TEST_HOST)";
				GENERATE_INFOPLIST_FILE = YES;
				LD_RUNPATH_SEARCH_PATHS = (
					"$(inherited)",
					"@executable_path/Frameworks",
					"@loader_path/Frameworks",
				);
				PRODUCT_BUNDLE_IDENTIFIER = com.minieats.MiniEatsTests;
				SDKROOT = iphoneos;
				TARGETED_DEVICE_FAMILY = "1,2";
				TEST_HOST = "$(BUILT_PRODUCTS_DIR)/MiniEats.app/MiniEats";
			};
			name = Release;
		};
		A1147DBAE404565B88B86F9F /* Debug */ = {
			isa = XCBuildConfiguration;
			buildSettings = {
				BUNDLE_LOADER = "$(TEST_HOST)";
				GENERATE_INFOPLIST_FILE = YES;
				LD_RUNPATH_SEARCH_PATHS = (
					"$(inherited)",
					"@executable_path/Frameworks",
					"@loader_path/Frameworks",
				);
				PRODUCT_BUNDLE_IDENTIFIER = com.minieats.MiniEatsMerchantUITests;
				SDKROOT = iphoneos;
				TARGETED_DEVICE_FAMILY = "1,2";
				TEST_TARGET_NAME = MiniEatsMerchant;
			};
			name = Debug;
		};
		B5E2EC4CF576C08F4A8E0243 /* Debug */ = {
			isa = XCBuildConfiguration;
			buildSettings = {
				ASSETCATALOG_COMPILER_APPICON_NAME = AppIcon;
				CODE_SIGN_IDENTITY = "iPhone Developer";
				CODE_SIGN_STYLE = Automatic;
				INFOPLIST_FILE = MiniEatsMerchant/Info.plist;
				LD_RUNPATH_SEARCH_PATHS = (
					"$(inherited)",
					"@executable_path/Frameworks",
				);
				PRODUCT_BUNDLE_IDENTIFIER = com.minieats.merchant;
				SDKROOT = iphoneos;
				TARGETED_DEVICE_FAMILY = "1,2";
			};
			name = Debug;
		};
		EBD036327513A354077ABBE6 /* Release */ = {
			isa = XCBuildConfiguration;
			buildSettings = {
				ALWAYS_SEARCH_USER_PATHS = NO;
				CLANG_ANALYZER_NONNULL = YES;
				CLANG_ANALYZER_NUMBER_OBJECT_CONVERSION = YES_AGGRESSIVE;
				CLANG_CXX_LANGUAGE_STANDARD = "gnu++14";
				CLANG_CXX_LIBRARY = "libc++";
				CLANG_ENABLE_MODULES = YES;
				CLANG_ENABLE_OBJC_ARC = YES;
				CLANG_ENABLE_OBJC_WEAK = YES;
				CLANG_WARN_BLOCK_CAPTURE_AUTORELEASING = YES;
				CLANG_WARN_BOOL_CONVERSION = YES;
				CLANG_WARN_COMMA = YES;
				CLANG_WARN_CONSTANT_CONVERSION = YES;
				CLANG_WARN_DEPRECATED_OBJC_IMPLEMENTATIONS = YES;
				CLANG_WARN_DIRECT_OBJC_ISA_USAGE = YES_ERROR;
				CLANG_WARN_DOCUMENTATION_COMMENTS = YES;
				CLANG_WARN_EMPTY_BODY = YES;
				CLANG_WARN_ENUM_CONVERSION = YES;
				CLANG_WARN_INFINITE_RECURSION = YES;
				CLANG_WARN_INT_CONVERSION = YES;
				CLANG_WARN_NON_LITERAL_NULL_CONVERSION = YES;
				CLANG_WARN_OBJC_IMPLICIT_RETAIN_SELF = YES;
				CLANG_WARN_OBJC_LITERAL_CONVERSION = YES;
				CLANG_WARN_OBJC_ROOT_CLASS = YES_ERROR;
				CLANG_WARN_QUOTED_INCLUDE_IN_FRAMEWORK_HEADER = YES;
				CLANG_WARN_RANGE_LOOP_ANALYSIS = YES;
				CLANG_WARN_STRICT_PROTOTYPES = YES;
				CLANG_WARN_SUSPICIOUS_MOVE = YES;
				CLANG_WARN_UNGUARDED_AVAILABILITY = YES_AGGRESSIVE;
				CLANG_WARN_UNREACHABLE_CODE = YES;
				CLANG_WARN__DUPLICATE_METHOD_MATCH = YES;
				COPY_PHASE_STRIP = NO;
				DEBUG_INFORMATION_FORMAT = "dwarf-with-dsym";
				DEVELOPMENT_TEAM = "";
				ENABLE_NS_ASSERTIONS = NO;
				ENABLE_STRICT_OBJC_MSGSEND = YES;
				GCC_C_LANGUAGE_STANDARD = gnu11;
				GCC_NO_COMMON_BLOCKS = YES;
				GCC_WARN_64_TO_32_BIT_CONVERSION = YES;
				GCC_WARN_ABOUT_RETURN_TYPE = YES_ERROR;
				GCC_WARN_UNDECLARED_SELECTOR = YES;
				GCC_WARN_UNINITIALIZED_AUTOS = YES_AGGRESSIVE;
				GCC_WARN_UNUSED_FUNCTION = YES;
				GCC_WARN_UNUSED_VARIABLE = YES;
				IPHONEOS_DEPLOYMENT_TARGET = 17.0;
				MINIEATS_SERVER_URL = "https://stubble-grumble-same.ngrok-free.dev";
				MTL_ENABLE_DEBUG_INFO = NO;
				MTL_FAST_MATH = YES;
				PRODUCT_NAME = "$(TARGET_NAME)";
				SDKROOT = iphoneos;
				SWIFT_COMPILATION_MODE = wholemodule;
				SWIFT_OPTIMIZATION_LEVEL = "-O";
				SWIFT_VERSION = 5.0;
			};
			name = Release;
		};
/* End XCBuildConfiguration section */

/* Begin XCConfigurationList section */
		04EB63CD6C92500140696120 /* Build configuration list for PBXNativeTarget "MiniEatsMerchantUITests" */ = {
			isa = XCConfigurationList;
			buildConfigurations = (
				A1147DBAE404565B88B86F9F /* Debug */,
				2A068DEC27844528D4621F27 /* Release */,
			);
			defaultConfigurationIsVisible = 0;
			defaultConfigurationName = Debug;
		};
		0D706DFE956BDFE43FC5BD66 /* Build configuration list for PBXProject "MiniEats" */ = {
			isa = XCConfigurationList;
			buildConfigurations = (
				8111898036EF7E2F44C3F425 /* Debug */,
				EBD036327513A354077ABBE6 /* Release */,
			);
			defaultConfigurationIsVisible = 0;
			defaultConfigurationName = Debug;
		};
		1697BA01365248794F63008F /* Build configuration list for PBXNativeTarget "MiniEatsUITests" */ = {
			isa = XCConfigurationList;
			buildConfigurations = (
				4FE22FDDF0D4034E49CB0D10 /* Debug */,
				23A550FB439FBCF1A12C233C /* Release */,
			);
			defaultConfigurationIsVisible = 0;
			defaultConfigurationName = Debug;
		};
		389E423026A18BF7099D18E8 /* Build configuration list for PBXNativeTarget "MiniEatsMerchant" */ = {
			isa = XCConfigurationList;
			buildConfigurations = (
				B5E2EC4CF576C08F4A8E0243 /* Debug */,
				2A1BBC87BB588CD7455C8053 /* Release */,
			);
			defaultConfigurationIsVisible = 0;
			defaultConfigurationName = Debug;
		};
		6F687BB8FCB4222244CBC98C /* Build configuration list for PBXNativeTarget "MiniEats" */ = {
			isa = XCConfigurationList;
			buildConfigurations = (
				930D9FCF1CBD08AE32C7612C /* Debug */,
				5ECA89A9499A3FE28B4FF973 /* Release */,
			);
			defaultConfigurationIsVisible = 0;
			defaultConfigurationName = Debug;
		};
		E919EAAA3B695B6E7E21F4C4 /* Build configuration list for PBXNativeTarget "MiniEatsTests" */ = {
			isa = XCConfigurationList;
			buildConfigurations = (
				3FE6816C7A0C162B5B6346F2 /* Debug */,
				9DA133ACB7AE1BB9546E7D5B /* Release */,
			);
			defaultConfigurationIsVisible = 0;
			defaultConfigurationName = Debug;
		};
/* End XCConfigurationList section */
	};
	rootObject = 98B499AC7706C180764F694B /* Project object */;
}
